
Microsoft Visual Studio Solution File, Format Version 12.00
# Visual Studio Version 16
VisualStudioVersion = 16.0.29411.108
MinimumVisualStudioVersion = 10.0.40219.1
Project("{FAE04EC0-301F-11D3-BF4B-00C04F79EFBC}") = "VirusWarGameServer", "VirusWarGameServer\VirusWarGameServer.csproj", "{8073B447-3CC3-4D89-A788-DE1A000BAE77}"
EndProject
Project("{FAE04EC0-301F-11D3-BF4B-00C04F79EFBC}") = "NetLib", "NetLib\NetLib.csproj", "{2E7AE9DC-D7E1-47E2-90A4-D89C6EEAF732}"
EndProject
Project("{2150E333-8FDC-42A3-9474-1A3956D46DE8}") = "Solution Items", "Solution Items", "{4ED1D0FB-CB93-4C3F-934A-AC276BEA8BB1}"
	ProjectSection(SolutionItems) = preProject
		test.md = test.md
	EndProjectSection
EndProject
Global
	GlobalSection(SolutionConfigurationPlatforms) = preSolution
		Debug|Any CPU = Debug|Any CPU
		Release|Any CPU = Release|Any CPU
	EndGlobalSection
	GlobalSection(ProjectConfigurationPlatforms) = postSolution
		{8073B447-3CC3-4D89-A788-DE1A000BAE77}.Debug|Any CPU.ActiveCfg = Debug|Any CPU
		{8073B447-3CC3-4D89-A788-DE1A000BAE77}.Debug|Any CPU.Build.0 = Debug|Any CPU
		{8073B447-3CC3-4D89-A788-DE1A000BAE77}.Release|Any CPU.ActiveCfg = Release|Any CPU
		{8073B447-3CC3-4D89-A788-DE1A000BAE77}.Release|Any CPU.Build.0 = Release|Any CPU
		{2E7AE9DC-D7E1-47E2-90A4-D89C6EEAF732}.Debug|Any CPU.ActiveCfg = Debug|Any CPU
		{2E7AE9DC-D7E1-47E2-90A4-D89C6EEAF732}.Debug|Any CPU.Build.0 = Debug|Any CPU
		{2E7AE9DC-D7E1-47E2-90A4-D89C6EEAF732}.Release|Any CPU.ActiveCfg = Release|Any CPU
		{2E7AE9DC-D7E1-47E2-90A4-D89C6EEAF732}.Release|Any CPU.Build.0 = Release|Any CPU
	EndGlobalSection
	GlobalSection(SolutionProperties) = preSolution
		HideSolutionNode = FALSE
	EndGlobalSection
	GlobalSection(ExtensibilityGlobals) = postSolution
		SolutionGuid = {104B519B-1AAF-4C43-870D-22D7B770F75A}
	EndGlobalSection
EndGlobal
